
Microsoft Visual Studio Solution File, Format Version 12.00
# Visual Studio Version 18
VisualStudioVersion = 18.0.11205.157
MinimumVisualStudioVersion = 10.0.40219.1
Project("{2150E333-8FDC-42A3-9474-1A3956D46DE8}") = "01 - Singleton", "01 - Singleton", "{02EA681E-C7D8-13C7-8484-4AC65E1B71E8}"
EndProject
Project("{2150E333-8FDC-42A3-9474-1A3956D46DE8}") = "A - Creational", "A - Creational", "{6530D155-4B54-41FF-AA48-FE191A109D5C}"
EndProject
Project("{2150E333-8FDC-42A3-9474-1A3956D46DE8}") = "02 - Factory Method", "02 - Factory Method", "{63FFE703-56FA-436C-B888-FB7392103C68}"
EndProject
Project("{FAE04EC0-301F-11D3-BF4B-00C04F79EFBC}") = "Singleton", "A - Creational\Singleton\Singleton.csproj", "{41B2F238-DB81-0D4E-E7A7-C16532DDB438}"
EndProject
Project("{FAE04EC0-301F-11D3-BF4B-00C04F79EFBC}") = "FactoryMethod", "A - Creational\FactoryMethod\FactoryMethod.csproj", "{6106BDB0-7C02-6015-1813-148321D0C917}"
EndProject
Project("{2150E333-8FDC-42A3-9474-1A3956D46DE8}") = "04 - Builder", "04 - Builder", "{4A219A09-DDE2-4130-9937-AC0E57D857B8}"
EndProject
Project("{FAE04EC0-301F-11D3-BF4B-00C04F79EFBC}") = "Garage", "A - Creational\Builder\Garage\Garage.csproj", "{713B2A7D-0C3B-BAA9-3E21-E4B514EE948F}"
EndProject
Project("{FAE04EC0-301F-11D3-BF4B-00C04F79EFBC}") = "DataVisualiser", "A - Creational\Builder\DataVisualiser\DataVisualiser.csproj", "{BF0DA6BA-CA36-1FBC-2AE9-747880186A58}"
EndProject
Project("{FAE04EC0-301F-11D3-BF4B-00C04F79EFBC}") = "MainProject", "A - Creational\Builder\MainProject\MainProject.csproj", "{C87585B6-28C3-BA5B-A6FF-00415592BCEC}"
EndProject
Project("{2150E333-8FDC-42A3-9474-1A3956D46DE8}") = "05 - Prototype", "05 - Prototype", "{B2D2CC29-4580-490E-BC24-6ADDF05BBAB3}"
EndProject
Project("{FAE04EC0-301F-11D3-BF4B-00C04F79EFBC}") = "ExcelKnockoff", "A - Creational\Prototype\ExcelKnockoff\ExcelKnockoff.csproj", "{ABA7BABB-B190-4E77-B7C2-AF2089785335}"
EndProject
Project("{2150E333-8FDC-42A3-9474-1A3956D46DE8}") = "B - Structural", "B - Structural", "{CE4188C2-D4C2-4B31-9A6E-8ECD33411958}"
EndProject
Project("{2150E333-8FDC-42A3-9474-1A3956D46DE8}") = "01 - Adapter", "01 - Adapter", "{4763BE5D-F507-497A-91B1-52257BF92471}"
EndProject
Project("{FAE04EC0-301F-11D3-BF4B-00C04F79EFBC}") = "BusinessLayer", "B - Structural\Adapter\BusinessLayer\BusinessLayer.csproj", "{B01C5F23-B0A3-B9EB-5682-B409819B2244}"
EndProject
Project("{FAE04EC0-301F-11D3-BF4B-00C04F79EFBC}") = "MainProject", "B - Structural\Adapter\MainProject\MainProject.csproj", "{9DCA2D3F-7425-83C3-6998-2C1BB5F01F12}"
EndProject
Project("{2150E333-8FDC-42A3-9474-1A3956D46DE8}") = "02 - Bridge", "02 - Bridge", "{12B3ED41-6B0D-44B7-8CED-F5B1A062EA16}"
EndProject
Project("{FAE04EC0-301F-11D3-BF4B-00C04F79EFBC}") = "GenericBadImplementation", "B - Structural\Bridge\GenericBadImplementation\GenericBadImplementation.csproj", "{52AE70B6-02AC-4403-B11B-D775FE15B5B5}"
EndProject
Project("{FAE04EC0-301F-11D3-BF4B-00C04F79EFBC}") = "CorrectBridgeImplementation", "B - Structural\Bridge\CorrectBridgeImplementation\CorrectBridgeImplementation.csproj", "{21F453CF-7787-29AB-1702-F9510B5535F1}"
EndProject
Project("{2150E333-8FDC-42A3-9474-1A3956D46DE8}") = "03 - Decorator", "03 - Decorator", "{8EF07C01-BB60-42E0-AC49-17EBFECFED7F}"
EndProject
Project("{FAE04EC0-301F-11D3-BF4B-00C04F79EFBC}") = "MailServiceUsingDecorator", "B - Structural\Decorator\MailServiceUsingDecorator\MailServiceUsingDecorator.csproj", "{66548ED4-A5F4-3EA6-1A39-67DA7C91BD04}"
EndProject
Project("{FAE04EC0-301F-11D3-BF4B-00C04F79EFBC}") = "CacheExample", "B - Structural\Decorator\CacheExample\CacheExample.csproj", "{E9E2DFF0-1C83-4F25-AE85-2BE5C743D9E6}"
EndProject
Project("{FAE04EC0-301F-11D3-BF4B-00C04F79EFBC}") = "FunctionDecorators", "B - Structural\Decorator\FunctionDecorators\FunctionDecorators.csproj", "{B8A0E449-AC20-4B36-AA25-50A3DCB32338}"
EndProject
Project("{2150E333-8FDC-42A3-9474-1A3956D46DE8}") = "04 - Composite", "04 - Composite", "{05BD4CBD-FA8F-4674-B8AE-329F5F65BF0C}"
EndProject
Project("{FAE04EC0-301F-11D3-BF4B-00C04F79EFBC}") = "CompositeTree", "B - Structural\Composite\CompositeTree\CompositeTree.csproj", "{8441C462-F423-3B47-23E5-BD03E69A3F34}"
EndProject
Project("{2150E333-8FDC-42A3-9474-1A3956D46DE8}") = "05 - Facade", "05 - Facade", "{B8DD764C-49F9-4D5E-A0F3-BBC852EF7EA5}"
EndProject
Project("{FAE04EC0-301F-11D3-BF4B-00C04F79EFBC}") = "FacadeImplementation", "B - Structural\Facade\FacadeImplementation\FacadeImplementation.csproj", "{BDE9E09E-FE45-C1C8-9D20-699A5F14E646}"
EndProject
Project("{2150E333-8FDC-42A3-9474-1A3956D46DE8}") = "06 - Proxy", "06 - Proxy", "{6E8636C9-9953-40BB-9411-E0A2730085B9}"
EndProject
Project("{FAE04EC0-301F-11D3-BF4B-00C04F79EFBC}") = "ProxyImplementation", "B - Structural\Proxy\ProxyImplementation\ProxyImplementation.csproj", "{96B18121-915F-9CDA-F61D-F241B5B8E886}"
EndProject
Project("{2150E333-8FDC-42A3-9474-1A3956D46DE8}") = "07 - Flyweight", "07 - Flyweight", "{B6776D28-2866-445A-862F-62169BE1A211}"
EndProject
Project("{FAE04EC0-301F-11D3-BF4B-00C04F79EFBC}") = "WrongImplementation", "B - Structural\Flyweight\WrongImplementation4\WrongImplementation.csproj", "{6708DC80-7A1E-4FD8-9F8D-D16CB2B6AE21}"
EndProject
Project("{FAE04EC0-301F-11D3-BF4B-00C04F79EFBC}") = "FlyweightImplementation", "B - Structural\Flyweight\SharedObjectFlyweight\FlyweightImplementation.csproj", "{E75A02C2-9420-4150-BE51-0E2CE7A14904}"
EndProject
Project("{2150E333-8FDC-42A3-9474-1A3956D46DE8}") = "C - Behavioral", "C - Behavioral", "{7A4F5133-FB3A-441E-B522-30DBFA183573}"
EndProject
Project("{2150E333-8FDC-42A3-9474-1A3956D46DE8}") = "01 - Template", "01 - Template", "{8D547273-B697-4255-BAA9-315D5BD6D932}"
EndProject
Project("{FAE04EC0-301F-11D3-BF4B-00C04F79EFBC}") = "TemplateImplementation", "C - Behavioral\Template\Implementation\TemplateImplementation.csproj", "{F3DF6450-D699-4969-90DE-7889CF58C5AC}"
EndProject
Project("{2150E333-8FDC-42A3-9474-1A3956D46DE8}") = "02 - Strategy", "02 - Strategy", "{95081B21-4304-4ED1-A826-B3C0D4785B83}"
EndProject
Project("{FAE04EC0-301F-11D3-BF4B-00C04F79EFBC}") = "StrategyImplementation", "C - Behavioral\Strategy\StrategyImplementation\StrategyImplementation.csproj", "{EBDCD9C8-2B1C-4532-9AF1-206177AA213D}"
EndProject
Project("{2150E333-8FDC-42A3-9474-1A3956D46DE8}") = "03 - Command", "03 - Command", "{494E5807-039A-41F2-95E8-97CAE8D82755}"
EndProject
Project("{FAE04EC0-301F-11D3-BF4B-00C04F79EFBC}") = "CommandImplementation", "C - Behavioral\Command\CommandImplementation\CommandImplementation.csproj", "{BACE3610-E1CA-4023-B960-6B773F1447B7}"
EndProject
Project("{2150E333-8FDC-42A3-9474-1A3956D46DE8}") = "04 - Memento", "04 - Memento", "{4AE9DDDB-C541-44A7-AB93-2DD1C77F0266}"
EndProject
Project("{FAE04EC0-301F-11D3-BF4B-00C04F79EFBC}") = "MementoImplementation", "C - Behavioral\Memento\MementoImplementation\MementoImplementation.csproj", "{5E46BBD0-655E-400C-8676-9665E941A8F4}"
EndProject
Project("{2150E333-8FDC-42A3-9474-1A3956D46DE8}") = "05 - Mediator", "05 - Mediator", "{619FA9E9-BEBE-4997-879A-BEDF8BCA3DB4}"
EndProject
Project("{FAE04EC0-301F-11D3-BF4B-00C04F79EFBC}") = "MediatorImplementation", "C - Behavioral\Mediator\MediatorImplementation\MediatorImplementation.csproj", "{4FBA25B8-3E28-9338-098E-4823F3E9CAB5}"
EndProject
Project("{2150E333-8FDC-42A3-9474-1A3956D46DE8}") = "06 - Chain of Responsibility", "06 - Chain of Responsibility", "{230C9C42-8685-497E-AA9B-60992CDE13C8}"
EndProject
Project("{FAE04EC0-301F-11D3-BF4B-00C04F79EFBC}") = "CoRImplementation", "C - Behavioral\Chain of Responsibility\CoRImplementation\CoRImplementation.csproj", "{4E444DAA-0F8C-4D5B-BB82-7B664115C033}"
EndProject
Project("{2150E333-8FDC-42A3-9474-1A3956D46DE8}") = "07 - Observer", "07 - Observer", "{427F3BFE-7E8B-4008-87BE-7E986EC9D168}"
EndProject
Project("{FAE04EC0-301F-11D3-BF4B-00C04F79EFBC}") = "ObserverImplementation", "C - Behavioral\Observer\ObserverImplementation\ObserverImplementation.csproj", "{FB504259-C91F-4B5E-B7A0-03DE535DC61B}"
EndProject
Project("{2150E333-8FDC-42A3-9474-1A3956D46DE8}") = "08 - State", "08 - State", "{D3F165C4-ACAA-4A8E-8F51-A809A6E51332}"
EndProject
Project("{FAE04EC0-301F-11D3-BF4B-00C04F79EFBC}") = "StateImplementation", "C - Behavioral\State\StateImplementation\StateImplementation.csproj", "{37916B65-FF59-4A44-B89A-98DB8F89F639}"
EndProject
Project("{2150E333-8FDC-42A3-9474-1A3956D46DE8}") = "09 - Iterator", "09 - Iterator", "{4B6B8F65-E6C3-4F9C-831B-7991A14B3675}"
EndProject
Project("{FAE04EC0-301F-11D3-BF4B-00C04F79EFBC}") = "IteratorImplementation", "C - Behavioral\Iterator\IteratorImplementation\IteratorImplementation.csproj", "{E5F27156-358E-4D5B-9B4F-3CE231A84A3B}"
EndProject
Project("{2150E333-8FDC-42A3-9474-1A3956D46DE8}") = "10 - Visitor", "10 - Visitor", "{9737DBC2-0AA3-4BF1-8C29-4A38B3B6B7D9}"
EndProject
Project("{FAE04EC0-301F-11D3-BF4B-00C04F79EFBC}") = "VisitorImplementation", "C - Behavioral\Visitor\VisitorImplementation\VisitorImplementation.csproj", "{6F848FAF-9259-4E9C-95A2-DB4ED82BECC9}"
EndProject
Global
	GlobalSection(SolutionConfigurationPlatforms) = preSolution
		Debug|Any CPU = Debug|Any CPU
		Release|Any CPU = Release|Any CPU
	EndGlobalSection
	GlobalSection(ProjectConfigurationPlatforms) = postSolution
		{41B2F238-DB81-0D4E-E7A7-C16532DDB438}.Debug|Any CPU.ActiveCfg = Debug|Any CPU
		{41B2F238-DB81-0D4E-E7A7-C16532DDB438}.Debug|Any CPU.Build.0 = Debug|Any CPU
		{41B2F238-DB81-0D4E-E7A7-C16532DDB438}.Release|Any CPU.ActiveCfg = Release|Any CPU
		{41B2F238-DB81-0D4E-E7A7-C16532DDB438}.Release|Any CPU.Build.0 = Release|Any CPU
		{6106BDB0-7C02-6015-1813-148321D0C917}.Debug|Any CPU.ActiveCfg = Debug|Any CPU
		{6106BDB0-7C02-6015-1813-148321D0C917}.Debug|Any CPU.Build.0 = Debug|Any CPU
		{6106BDB0-7C02-6015-1813-148321D0C917}.Release|Any CPU.ActiveCfg = Release|Any CPU
		{6106BDB0-7C02-6015-1813-148321D0C917}.Release|Any CPU.Build.0 = Release|Any CPU
		{713B2A7D-0C3B-BAA9-3E21-E4B514EE948F}.Debug|Any CPU.ActiveCfg = Debug|Any CPU
		{713B2A7D-0C3B-BAA9-3E21-E4B514EE948F}.Debug|Any CPU.Build.0 = Debug|Any CPU
		{713B2A7D-0C3B-BAA9-3E21-E4B514EE948F}.Release|Any CPU.ActiveCfg = Release|Any CPU
		{713B2A7D-0C3B-BAA9-3E21-E4B514EE948F}.Release|Any CPU.Build.0 = Release|Any CPU
		{BF0DA6BA-CA36-1FBC-2AE9-747880186A58}.Debug|Any CPU.ActiveCfg = Debug|Any CPU
		{BF0DA6BA-CA36-1FBC-2AE9-747880186A58}.Debug|Any CPU.Build.0 = Debug|Any CPU
		{BF0DA6BA-CA36-1FBC-2AE9-747880186A58}.Release|Any CPU.ActiveCfg = Release|Any CPU
		{BF0DA6BA-CA36-1FBC-2AE9-747880186A58}.Release|Any CPU.Build.0 = Release|Any CPU
		{C87585B6-28C3-BA5B-A6FF-00415592BCEC}.Debug|Any CPU.ActiveCfg = Debug|Any CPU
		{C87585B6-28C3-BA5B-A6FF-00415592BCEC}.Debug|Any CPU.Build.0 = Debug|Any CPU
		{C87585B6-28C3-BA5B-A6FF-00415592BCEC}.Release|Any CPU.ActiveCfg = Release|Any CPU
		{C87585B6-28C3-BA5B-A6FF-00415592BCEC}.Release|Any CPU.Build.0 = Release|Any CPU
		{ABA7BABB-B190-4E77-B7C2-AF2089785335}.Debug|Any CPU.ActiveCfg = Debug|Any CPU
		{ABA7BABB-B190-4E77-B7C2-AF2089785335}.Debug|Any CPU.Build.0 = Debug|Any CPU
		{ABA7BABB-B190-4E77-B7C2-AF2089785335}.Release|Any CPU.ActiveCfg = Release|Any CPU
		{ABA7BABB-B190-4E77-B7C2-AF2089785335}.Release|Any CPU.Build.0 = Release|Any CPU
		{B01C5F23-B0A3-B9EB-5682-B409819B2244}.Debug|Any CPU.ActiveCfg = Debug|Any CPU
		{B01C5F23-B0A3-B9EB-5682-B409819B2244}.Debug|Any CPU.Build.0 = Debug|Any CPU
		{B01C5F23-B0A3-B9EB-5682-B409819B2244}.Release|Any CPU.ActiveCfg = Release|Any CPU
		{B01C5F23-B0A3-B9EB-5682-B409819B2244}.Release|Any CPU.Build.0 = Release|Any CPU
		{9DCA2D3F-7425-83C3-6998-2C1BB5F01F12}.Debug|Any CPU.ActiveCfg = Debug|Any CPU
		{9DCA2D3F-7425-83C3-6998-2C1BB5F01F12}.Debug|Any CPU.Build.0 = Debug|Any CPU
		{9DCA2D3F-7425-83C3-6998-2C1BB5F01F12}.Release|Any CPU.ActiveCfg = Release|Any CPU
		{9DCA2D3F-7425-83C3-6998-2C1BB5F01F12}.Release|Any CPU.Build.0 = Release|Any CPU
		{52AE70B6-02AC-4403-B11B-D775FE15B5B5}.Debug|Any CPU.ActiveCfg = Debug|Any CPU
		{52AE70B6-02AC-4403-B11B-D775FE15B5B5}.Debug|Any CPU.Build.0 = Debug|Any CPU
		{52AE70B6-02AC-4403-B11B-D775FE15B5B5}.Release|Any CPU.ActiveCfg = Release|Any CPU
		{52AE70B6-02AC-4403-B11B-D775FE15B5B5}.Release|Any CPU.Build.0 = Release|Any CPU
		{21F453CF-7787-29AB-1702-F9510B5535F1}.Debug|Any CPU.ActiveCfg = Debug|Any CPU
		{21F453CF-7787-29AB-1702-F9510B5535F1}.Debug|Any CPU.Build.0 = Debug|Any CPU
		{21F453CF-7787-29AB-1702-F9510B5535F1}.Release|Any CPU.ActiveCfg = Release|Any CPU
		{21F453CF-7787-29AB-1702-F9510B5535F1}.Release|Any CPU.Build.0 = Release|Any CPU
		{66548ED4-A5F4-3EA6-1A39-67DA7C91BD04}.Debug|Any CPU.ActiveCfg = Debug|Any CPU
		{66548ED4-A5F4-3EA6-1A39-67DA7C91BD04}.Debug|Any CPU.Build.0 = Debug|Any CPU
		{66548ED4-A5F4-3EA6-1A39-67DA7C91BD04}.Release|Any CPU.ActiveCfg = Release|Any CPU
		{66548ED4-A5F4-3EA6-1A39-67DA7C91BD04}.Release|Any CPU.Build.0 = Release|Any CPU
		{E9E2DFF0-1C83-4F25-AE85-2BE5C743D9E6}.Debug|Any CPU.ActiveCfg = Debug|Any CPU
		{E9E2DFF0-1C83-4F25-AE85-2BE5C743D9E6}.Debug|Any CPU.Build.0 = Debug|Any CPU
		{E9E2DFF0-1C83-4F25-AE85-2BE5C743D9E6}.Release|Any CPU.ActiveCfg = Release|Any CPU
		{E9E2DFF0-1C83-4F25-AE85-2BE5C743D9E6}.Release|Any CPU.Build.0 = Release|Any CPU
		{B8A0E449-AC20-4B36-AA25-50A3DCB32338}.Debug|Any CPU.ActiveCfg = Debug|Any CPU
		{B8A0E449-AC20-4B36-AA25-50A3DCB32338}.Debug|Any CPU.Build.0 = Debug|Any CPU
		{B8A0E449-AC20-4B36-AA25-50A3DCB32338}.Release|Any CPU.ActiveCfg = Release|Any CPU
		{B8A0E449-AC20-4B36-AA25-50A3DCB32338}.Release|Any CPU.Build.0 = Release|Any CPU
		{8441C462-F423-3B47-23E5-BD03E69A3F34}.Debug|Any CPU.ActiveCfg = Debug|Any CPU
		{8441C462-F423-3B47-23E5-BD03E69A3F34}.Debug|Any CPU.Build.0 = Debug|Any CPU
		{8441C462-F423-3B47-23E5-BD03E69A3F34}.Release|Any CPU.ActiveCfg = Release|Any CPU
		{8441C462-F423-3B47-23E5-BD03E69A3F34}.Release|Any CPU.Build.0 = Release|Any CPU
		{BDE9E09E-FE45-C1C8-9D20-699A5F14E646}.Debug|Any CPU.ActiveCfg = Debug|Any CPU
		{BDE9E09E-FE45-C1C8-9D20-699A5F14E646}.Debug|Any CPU.Build.0 = Debug|Any CPU
		{BDE9E09E-FE45-C1C8-9D20-699A5F14E646}.Release|Any CPU.ActiveCfg = Release|Any CPU
		{BDE9E09E-FE45-C1C8-9D20-699A5F14E646}.Release|Any CPU.Build.0 = Release|Any CPU
		{96B18121-915F-9CDA-F61D-F241B5B8E886}.Debug|Any CPU.ActiveCfg = Debug|Any CPU
		{96B18121-915F-9CDA-F61D-F241B5B8E886}.Debug|Any CPU.Build.0 = Debug|Any CPU
		{96B18121-915F-9CDA-F61D-F241B5B8E886}.Release|Any CPU.ActiveCfg = Release|Any CPU
		{96B18121-915F-9CDA-F61D-F241B5B8E886}.Release|Any CPU.Build.0 = Release|Any CPU
		{6708DC80-7A1E-4FD8-9F8D-D16CB2B6AE21}.Debug|Any CPU.ActiveCfg = Debug|Any CPU
		{6708DC80-7A1E-4FD8-9F8D-D16CB2B6AE21}.Debug|Any CPU.Build.0 = Debug|Any CPU
		{6708DC80-7A1E-4FD8-9F8D-D16CB2B6AE21}.Release|Any CPU.ActiveCfg = Release|Any CPU
		{6708DC80-7A1E-4FD8-9F8D-D16CB2B6AE21}.Release|Any CPU.Build.0 = Release|Any CPU
		{E75A02C2-9420-4150-BE51-0E2CE7A14904}.Debug|Any CPU.ActiveCfg = Debug|Any CPU
		{E75A02C2-9420-4150-BE51-0E2CE7A14904}.Debug|Any CPU.Build.0 = Debug|Any CPU
		{E75A02C2-9420-4150-BE51-0E2CE7A14904}.Release|Any CPU.ActiveCfg = Release|Any CPU
		{E75A02C2-9420-4150-BE51-0E2CE7A14904}.Release|Any CPU.Build.0 = Release|Any CPU
		{F3DF6450-D699-4969-90DE-7889CF58C5AC}.Debug|Any CPU.ActiveCfg = Debug|Any CPU
		{F3DF6450-D699-4969-90DE-7889CF58C5AC}.Debug|Any CPU.Build.0 = Debug|Any CPU
		{F3DF6450-D699-4969-90DE-7889CF58C5AC}.Release|Any CPU.ActiveCfg = Release|Any CPU
		{F3DF6450-D699-4969-90DE-7889CF58C5AC}.Release|Any CPU.Build.0 = Release|Any CPU
		{EBDCD9C8-2B1C-4532-9AF1-206177AA213D}.Debug|Any CPU.ActiveCfg = Debug|Any CPU
		{EBDCD9C8-2B1C-4532-9AF1-206177AA213D}.Debug|Any CPU.Build.0 = Debug|Any CPU
		{EBDCD9C8-2B1C-4532-9AF1-206177AA213D}.Release|Any CPU.ActiveCfg = Release|Any CPU
		{EBDCD9C8-2B1C-4532-9AF1-206177AA213D}.Release|Any CPU.Build.0 = Release|Any CPU
		{BACE3610-E1CA-4023-B960-6B773F1447B7}.Debug|Any CPU.ActiveCfg = Debug|Any CPU
		{BACE3610-E1CA-4023-B960-6B773F1447B7}.Debug|Any CPU.Build.0 = Debug|Any CPU
		{BACE3610-E1CA-4023-B960-6B773F1447B7}.Release|Any CPU.ActiveCfg = Release|Any CPU
		{BACE3610-E1CA-4023-B960-6B773F1447B7}.Release|Any CPU.Build.0 = Release|Any CPU
		{5E46BBD0-655E-400C-8676-9665E941A8F4}.Debug|Any CPU.ActiveCfg = Debug|Any CPU
		{5E46BBD0-655E-400C-8676-9665E941A8F4}.Debug|Any CPU.Build.0 = Debug|Any CPU
		{5E46BBD0-655E-400C-8676-9665E941A8F4}.Release|Any CPU.ActiveCfg = Release|Any CPU
		{5E46BBD0-655E-400C-8676-9665E941A8F4}.Release|Any CPU.Build.0 = Release|Any CPU
		{4FBA25B8-3E28-9338-098E-4823F3E9CAB5}.Debug|Any CPU.ActiveCfg = Debug|Any CPU
		{4FBA25B8-3E28-9338-098E-4823F3E9CAB5}.Debug|Any CPU.Build.0 = Debug|Any CPU
		{4FBA25B8-3E28-9338-098E-4823F3E9CAB5}.Release|Any CPU.ActiveCfg = Release|Any CPU
		{4FBA25B8-3E28-9338-098E-4823F3E9CAB5}.Release|Any CPU.Build.0 = Release|Any CPU
		{4E444DAA-0F8C-4D5B-BB82-7B664115C033}.Debug|Any CPU.ActiveCfg = Debug|Any CPU
		{4E444DAA-0F8C-4D5B-BB82-7B664115C033}.Debug|Any CPU.Build.0 = Debug|Any CPU
		{4E444DAA-0F8C-4D5B-BB82-7B664115C033}.Release|Any CPU.ActiveCfg = Release|Any CPU
		{4E444DAA-0F8C-4D5B-BB82-7B664115C033}.Release|Any CPU.Build.0 = Release|Any CPU
		{FB504259-C91F-4B5E-B7A0-03DE535DC61B}.Debug|Any CPU.ActiveCfg = Debug|Any CPU
		{FB504259-C91F-4B5E-B7A0-03DE535DC61B}.Debug|Any CPU.Build.0 = Debug|Any CPU
		{FB504259-C91F-4B5E-B7A0-03DE535DC61B}.Release|Any CPU.ActiveCfg = Release|Any CPU
		{FB504259-C91F-4B5E-B7A0-03DE535DC61B}.Release|Any CPU.Build.0 = Release|Any CPU
		{37916B65-FF59-4A44-B89A-98DB8F89F639}.Debug|Any CPU.ActiveCfg = Debug|Any CPU
		{37916B65-FF59-4A44-B89A-98DB8F89F639}.Debug|Any CPU.Build.0 = Debug|Any CPU
		{37916B65-FF59-4A44-B89A-98DB8F89F639}.Release|Any CPU.ActiveCfg = Release|Any CPU
		{37916B65-FF59-4A44-B89A-98DB8F89F639}.Release|Any CPU.Build.0 = Release|Any CPU
		{E5F27156-358E-4D5B-9B4F-3CE231A84A3B}.Debug|Any CPU.ActiveCfg = Debug|Any CPU
		{E5F27156-358E-4D5B-9B4F-3CE231A84A3B}.Debug|Any CPU.Build.0 = Debug|Any CPU
		{E5F27156-358E-4D5B-9B4F-3CE231A84A3B}.Release|Any CPU.ActiveCfg = Release|Any CPU
		{E5F27156-358E-4D5B-9B4F-3CE231A84A3B}.Release|Any CPU.Build.0 = Release|Any CPU
		{6F848FAF-9259-4E9C-95A2-DB4ED82BECC9}.Debug|Any CPU.ActiveCfg = Debug|Any CPU
		{6F848FAF-9259-4E9C-95A2-DB4ED82BECC9}.Debug|Any CPU.Build.0 = Debug|Any CPU
		{6F848FAF-9259-4E9C-95A2-DB4ED82BECC9}.Release|Any CPU.ActiveCfg = Release|Any CPU
		{6F848FAF-9259-4E9C-95A2-DB4ED82BECC9}.Release|Any CPU.Build.0 = Release|Any CPU
	EndGlobalSection
	GlobalSection(SolutionProperties) = preSolution
		HideSolutionNode = FALSE
	EndGlobalSection
	GlobalSection(NestedProjects) = preSolution
		{02EA681E-C7D8-13C7-8484-4AC65E1B71E8} = {6530D155-4B54-41FF-AA48-FE191A109D5C}
		{63FFE703-56FA-436C-B888-FB7392103C68} = {6530D155-4B54-41FF-AA48-FE191A109D5C}
		{41B2F238-DB81-0D4E-E7A7-C16532DDB438} = {02EA681E-C7D8-13C7-8484-4AC65E1B71E8}
		{6106BDB0-7C02-6015-1813-148321D0C917} = {63FFE703-56FA-436C-B888-FB7392103C68}
		{4A219A09-DDE2-4130-9937-AC0E57D857B8} = {6530D155-4B54-41FF-AA48-FE191A109D5C}
		{713B2A7D-0C3B-BAA9-3E21-E4B514EE948F} = {4A219A09-DDE2-4130-9937-AC0E57D857B8}
		{BF0DA6BA-CA36-1FBC-2AE9-747880186A58} = {4A219A09-DDE2-4130-9937-AC0E57D857B8}
		{C87585B6-28C3-BA5B-A6FF-00415592BCEC} = {4A219A09-DDE2-4130-9937-AC0E57D857B8}
		{B2D2CC29-4580-490E-BC24-6ADDF05BBAB3} = {6530D155-4B54-41FF-AA48-FE191A109D5C}
		{ABA7BABB-B190-4E77-B7C2-AF2089785335} = {B2D2CC29-4580-490E-BC24-6ADDF05BBAB3}
		{4763BE5D-F507-497A-91B1-52257BF92471} = {CE4188C2-D4C2-4B31-9A6E-8ECD33411958}
		{B01C5F23-B0A3-B9EB-5682-B409819B2244} = {4763BE5D-F507-497A-91B1-52257BF92471}
		{9DCA2D3F-7425-83C3-6998-2C1BB5F01F12} = {4763BE5D-F507-497A-91B1-52257BF92471}
		{12B3ED41-6B0D-44B7-8CED-F5B1A062EA16} = {CE4188C2-D4C2-4B31-9A6E-8ECD33411958}
		{52AE70B6-02AC-4403-B11B-D775FE15B5B5} = {12B3ED41-6B0D-44B7-8CED-F5B1A062EA16}
		{21F453CF-7787-29AB-1702-F9510B5535F1} = {12B3ED41-6B0D-44B7-8CED-F5B1A062EA16}
		{8EF07C01-BB60-42E0-AC49-17EBFECFED7F} = {CE4188C2-D4C2-4B31-9A6E-8ECD33411958}
		{66548ED4-A5F4-3EA6-1A39-67DA7C91BD04} = {8EF07C01-BB60-42E0-AC49-17EBFECFED7F}
		{E9E2DFF0-1C83-4F25-AE85-2BE5C743D9E6} = {8EF07C01-BB60-42E0-AC49-17EBFECFED7F}
		{B8A0E449-AC20-4B36-AA25-50A3DCB32338} = {8EF07C01-BB60-42E0-AC49-17EBFECFED7F}
		{05BD4CBD-FA8F-4674-B8AE-329F5F65BF0C} = {CE4188C2-D4C2-4B31-9A6E-8ECD33411958}
		{8441C462-F423-3B47-23E5-BD03E69A3F34} = {05BD4CBD-FA8F-4674-B8AE-329F5F65BF0C}
		{B8DD764C-49F9-4D5E-A0F3-BBC852EF7EA5} = {CE4188C2-D4C2-4B31-9A6E-8ECD33411958}
		{BDE9E09E-FE45-C1C8-9D20-699A5F14E646} = {B8DD764C-49F9-4D5E-A0F3-BBC852EF7EA5}
		{6E8636C9-9953-40BB-9411-E0A2730085B9} = {CE4188C2-D4C2-4B31-9A6E-8ECD33411958}
		{96B18121-915F-9CDA-F61D-F241B5B8E886} = {6E8636C9-9953-40BB-9411-E0A2730085B9}
		{B6776D28-2866-445A-862F-62169BE1A211} = {CE4188C2-D4C2-4B31-9A6E-8ECD33411958}
		{6708DC80-7A1E-4FD8-9F8D-D16CB2B6AE21} = {B6776D28-2866-445A-862F-62169BE1A211}
		{E75A02C2-9420-4150-BE51-0E2CE7A14904} = {B6776D28-2866-445A-862F-62169BE1A211}
		{8D547273-B697-4255-BAA9-315D5BD6D932} = {7A4F5133-FB3A-441E-B522-30DBFA183573}
		{F3DF6450-D699-4969-90DE-7889CF58C5AC} = {8D547273-B697-4255-BAA9-315D5BD6D932}
		{95081B21-4304-4ED1-A826-B3C0D4785B83} = {7A4F5133-FB3A-441E-B522-30DBFA183573}
		{EBDCD9C8-2B1C-4532-9AF1-206177AA213D} = {95081B21-4304-4ED1-A826-B3C0D4785B83}
		{494E5807-039A-41F2-95E8-97CAE8D82755} = {7A4F5133-FB3A-441E-B522-30DBFA183573}
		{BACE3610-E1CA-4023-B960-6B773F1447B7} = {494E5807-039A-41F2-95E8-97CAE8D82755}
		{4AE9DDDB-C541-44A7-AB93-2DD1C77F0266} = {7A4F5133-FB3A-441E-B522-30DBFA183573}
		{5E46BBD0-655E-400C-8676-9665E941A8F4} = {4AE9DDDB-C541-44A7-AB93-2DD1C77F0266}
		{619FA9E9-BEBE-4997-879A-BEDF8BCA3DB4} = {7A4F5133-FB3A-441E-B522-30DBFA183573}
		{4FBA25B8-3E28-9338-098E-4823F3E9CAB5} = {619FA9E9-BEBE-4997-879A-BEDF8BCA3DB4}
		{230C9C42-8685-497E-AA9B-60992CDE13C8} = {7A4F5133-FB3A-441E-B522-30DBFA183573}
		{4E444DAA-0F8C-4D5B-BB82-7B664115C033} = {230C9C42-8685-497E-AA9B-60992CDE13C8}
		{427F3BFE-7E8B-4008-87BE-7E986EC9D168} = {7A4F5133-FB3A-441E-B522-30DBFA183573}
		{FB504259-C91F-4B5E-B7A0-03DE535DC61B} = {427F3BFE-7E8B-4008-87BE-7E986EC9D168}
		{D3F165C4-ACAA-4A8E-8F51-A809A6E51332} = {7A4F5133-FB3A-441E-B522-30DBFA183573}
		{37916B65-FF59-4A44-B89A-98DB8F89F639} = {D3F165C4-ACAA-4A8E-8F51-A809A6E51332}
		{4B6B8F65-E6C3-4F9C-831B-7991A14B3675} = {7A4F5133-FB3A-441E-B522-30DBFA183573}
		{E5F27156-358E-4D5B-9B4F-3CE231A84A3B} = {4B6B8F65-E6C3-4F9C-831B-7991A14B3675}
		{9737DBC2-0AA3-4BF1-8C29-4A38B3B6B7D9} = {7A4F5133-FB3A-441E-B522-30DBFA183573}
		{6F848FAF-9259-4E9C-95A2-DB4ED82BECC9} = {9737DBC2-0AA3-4BF1-8C29-4A38B3B6B7D9}
	EndGlobalSection
	GlobalSection(ExtensibilityGlobals) = postSolution
		SolutionGuid = {F7C8A286-137B-423C-9368-8B73EA9FB9A4}
	EndGlobalSection
EndGlobal
