
Microsoft Visual Studio Solution File, Format Version 12.00
# Visual Studio Version 17
VisualStudioVersion = 17.14.36109.1
MinimumVisualStudioVersion = 10.0.40219.1
Project("{2150E333-8FDC-42A3-9474-1A3956D46DE8}") = "01 - Singleton", "01 - Singleton", "{02EA681E-C7D8-13C7-8484-4AC65E1B71E8}"
EndProject
Project("{2150E333-8FDC-42A3-9474-1A3956D46DE8}") = "A - Creational", "A - Creational", "{6530D155-4B54-41FF-AA48-FE191A109D5C}"
EndProject
Project("{2150E333-8FDC-42A3-9474-1A3956D46DE8}") = "02 - Factory", "02 - Factory", "{63FFE703-56FA-436C-B888-FB7392103C68}"
EndProject
Global
	GlobalSection(SolutionProperties) = preSolution
		HideSolutionNode = FALSE
	EndGlobalSection
	GlobalSection(NestedProjects) = preSolution
		{02EA681E-C7D8-13C7-8484-4AC65E1B71E8} = {6530D155-4B54-41FF-AA48-FE191A109D5C}
		{63FFE703-56FA-436C-B888-FB7392103C68} = {6530D155-4B54-41FF-AA48-FE191A109D5C}
	EndGlobalSection
	GlobalSection(ExtensibilityGlobals) = postSolution
		SolutionGuid = {F7C8A286-137B-423C-9368-8B73EA9FB9A4}
	EndGlobalSection
EndGlobal
